
Microsoft Visual Studio Solution File, Format Version 12.00
# Visual Studio Version 16
VisualStudioVersion = 16.0.32929.386
MinimumVisualStudioVersion = 10.0.40219.1
Project("{9A19103F-16F7-4668-BE54-9A1E7A4F7556}") = "IA_Proiect", "IA_Proiect.csproj", "{F1F22999-0443-488F-8438-79DDE05F50E8}"
EndProject
Project("{FAE04EC0-301F-11D3-BF4B-00C04F79EFBC}") = "TestProject", "..\TestProject2\TestProject.csproj", "{5697AB7A-1032-4F84-8AAF-D25C2FF74276}"
EndProject
Global
	GlobalSection(SolutionConfigurationPlatforms) = preSolution
		Debug|Any CPU = Debug|Any CPU
		Release|Any CPU = Release|Any CPU
	EndGlobalSection
	GlobalSection(ProjectConfigurationPlatforms) = postSolution
		{F1F22999-0443-488F-8438-79DDE05F50E8}.Debug|Any CPU.ActiveCfg = Debug|Any CPU
		{F1F22999-0443-488F-8438-79DDE05F50E8}.Debug|Any CPU.Build.0 = Debug|Any CPU
		{F1F22999-0443-488F-8438-79DDE05F50E8}.Release|Any CPU.ActiveCfg = Release|Any CPU
		{F1F22999-0443-488F-8438-79DDE05F50E8}.Release|Any CPU.Build.0 = Release|Any CPU
		{5697AB7A-1032-4F84-8AAF-D25C2FF74276}.Debug|Any CPU.ActiveCfg = Debug|Any CPU
		{5697AB7A-1032-4F84-8AAF-D25C2FF74276}.Debug|Any CPU.Build.0 = Debug|Any CPU
		{5697AB7A-1032-4F84-8AAF-D25C2FF74276}.Release|Any CPU.ActiveCfg = Release|Any CPU
		{5697AB7A-1032-4F84-8AAF-D25C2FF74276}.Release|Any CPU.Build.0 = Release|Any CPU
	EndGlobalSection
	GlobalSection(SolutionProperties) = preSolution
		HideSolutionNode = FALSE
	EndGlobalSection
	GlobalSection(ExtensibilityGlobals) = postSolution
		SolutionGuid = {39E90422-848E-4F81-AD77-3A9A3DE814AF}
	EndGlobalSection
EndGlobal
